
Microsoft Visual Studio Solution File, Format Version 12.00
# Visual Studio Version 17
VisualStudioVersion = 17.4.33110.190
MinimumVisualStudioVersion = 10.0.40219.1
Project("{FAE04EC0-301F-11D3-BF4B-00C04F79EFBC}") = "ConsoleApp4", "ConsoleApp4\ConsoleApp4.csproj", "{58B9791B-2A36-4D5C-8A1E-1B62A6C9A520}"
EndProject
Global
	GlobalSection(SolutionConfigurationPlatforms) = preSolution
		Debug|Any CPU = Debug|Any CPU
		Release|Any CPU = Release|Any CPU
	EndGlobalSection
	GlobalSection(ProjectConfigurationPlatforms) = postSolution
		{58B9791B-2A36-4D5C-8A1E-1B62A6C9A520}.Debug|Any CPU.ActiveCfg = Debug|Any CPU
		{58B9791B-2A36-4D5C-8A1E-1B62A6C9A520}.Debug|Any CPU.Build.0 = Debug|Any CPU
		{58B9791B-2A36-4D5C-8A1E-1B62A6C9A520}.Release|Any CPU.ActiveCfg = Release|Any CPU
		{58B9791B-2A36-4D5C-8A1E-1B62A6C9A520}.Release|Any CPU.Build.0 = Release|Any CPU
	EndGlobalSection
	GlobalSection(SolutionProperties) = preSolution
		HideSolutionNode = FALSE
	EndGlobalSection
	GlobalSection(ExtensibilityGlobals) = postSolution
		SolutionGuid = {BDBEAE6C-F7B2-44C0-AB26-3B583839B077}
	EndGlobalSection
EndGlobal
