
Microsoft Visual Studio Solution File, Format Version 12.00
# Visual Studio Version 17
VisualStudioVersion = 17.4.33110.190
MinimumVisualStudioVersion = 10.0.40219.1
Project("{FAE04EC0-301F-11D3-BF4B-00C04F79EFBC}") = "ConsoleApp3", "ConsoleApp3\ConsoleApp3.csproj", "{AC638674-3733-4017-B0E0-AF95CDFAF83E}"
EndProject
Global
	GlobalSection(SolutionConfigurationPlatforms) = preSolution
		Debug|Any CPU = Debug|Any CPU
		Release|Any CPU = Release|Any CPU
	EndGlobalSection
	GlobalSection(ProjectConfigurationPlatforms) = postSolution
		{AC638674-3733-4017-B0E0-AF95CDFAF83E}.Debug|Any CPU.ActiveCfg = Debug|Any CPU
		{AC638674-3733-4017-B0E0-AF95CDFAF83E}.Debug|Any CPU.Build.0 = Debug|Any CPU
		{AC638674-3733-4017-B0E0-AF95CDFAF83E}.Release|Any CPU.ActiveCfg = Release|Any CPU
		{AC638674-3733-4017-B0E0-AF95CDFAF83E}.Release|Any CPU.Build.0 = Release|Any CPU
	EndGlobalSection
	GlobalSection(SolutionProperties) = preSolution
		HideSolutionNode = FALSE
	EndGlobalSection
	GlobalSection(ExtensibilityGlobals) = postSolution
		SolutionGuid = {1C3BD8EC-E310-42BA-B5D6-442D2C91F90D}
	EndGlobalSection
EndGlobal
